
Microsoft Visual Studio Solution File, Format Version 12.00
# Visual Studio Version 17
VisualStudioVersion = 17.10.35013.160
MinimumVisualStudioVersion = 10.0.40219.1
Project("{9A19103F-16F7-4668-BE54-9A1E7A4F7556}") = "ChatApp", "ChatApp\ChatApp.csproj", "{0657DA3C-71B3-4BDA-95CA-81E38476B5F7}"
EndProject
Global
	GlobalSection(SolutionConfigurationPlatforms) = preSolution
		Debug|Any CPU = Debug|Any CPU
		Release|Any CPU = Release|Any CPU
	EndGlobalSection
	GlobalSection(ProjectConfigurationPlatforms) = postSolution
		{0657DA3C-71B3-4BDA-95CA-81E38476B5F7}.Debug|Any CPU.ActiveCfg = Debug|Any CPU
		{0657DA3C-71B3-4BDA-95CA-81E38476B5F7}.Debug|Any CPU.Build.0 = Debug|Any CPU
		{0657DA3C-71B3-4BDA-95CA-81E38476B5F7}.Release|Any CPU.ActiveCfg = Release|Any CPU
		{0657DA3C-71B3-4BDA-95CA-81E38476B5F7}.Release|Any CPU.Build.0 = Release|Any CPU
	EndGlobalSection
	GlobalSection(SolutionProperties) = preSolution
		HideSolutionNode = FALSE
	EndGlobalSection
	GlobalSection(ExtensibilityGlobals) = postSolution
		SolutionGuid = {7E77A82F-1C53-4F8D-81B3-C9FE92D35713}
	EndGlobalSection
EndGlobal
